# This file is automatically @generated by Cargo.
# It is not intended for manual editing.
[[package]]
name = "common"
version = "0.1.0"

[[package]]
name = "problem_001"
version = "0.1.0"
dependencies = [
 "common 0.1.0",
]

[[package]]
name = "problem_002"
version = "0.1.0"
dependencies = [
 "common 0.1.0",
]

[[package]]
name = "problem_004"
version = "0.1.0"
dependencies = [
 "common 0.1.0",
]

[[package]]
name = "problem_005"
version = "0.1.0"
dependencies = [
 "common 0.1.0",
]

[[package]]
name = "problem_006"
version = "0.1.0"
dependencies = [
 "common 0.1.0",
]

[[package]]
name = "problem_007"
version = "0.1.0"
dependencies = [
 "common 0.1.0",
]

[[package]]
name = "problem_008"
version = "0.1.0"
dependencies = [
 "common 0.1.0",
]

[[package]]
name = "problem_009"
version = "0.1.0"
dependencies = [
 "common 0.1.0",
]

[[package]]
name = "problem_010"
version = "0.1.0"
dependencies = [
 "common 0.1.0",
]

[[package]]
name = "problem_019"
version = "0.1.0"

[[package]]
name = "problem_035"
version = "0.1.0"
dependencies = [
 "common 0.1.0",
]

[[package]]
name = "problem_036"
version = "0.1.0"
dependencies = [
 "common 0.1.0",
]
